{
  "name": "@brendangooch/collision-detection",
  "version": "1.0.0",
  "lockfileVersion": 3,
  "requires": true,
  "packages": {
    "": {
      "name": "@brendangooch/collision-detection",
      "version": "1.0.0",
      "license": "MIT",
      "dependencies": {
        "@brendangooch/maths": "^1.2.0"
      },
      "devDependencies": {
        "typescript": "^5.4.5"
      }
    },
    "node_modules/@brendangooch/maths": {
      "version": "1.2.0",
      "resolved": "https://registry.npmjs.org/@brendangooch/maths/-/maths-1.2.0.tgz",
      "integrity": "sha512-Mw8K+nv5r9p8DwVjb+dyG0DoruMXSYiu39GhdkIfF1TjspBc+ZbH2i/tBPceq2XS9YqhTEBC1pnaIwXGVahgpw==",
      "license": "MIT"
    },
    "node_modules/typescript": {
      "version": "5.4.5",
      "resolved": "https://registry.npmjs.org/typescript/-/typescript-5.4.5.tgz",
      "integrity": "sha512-vcI4UpRgg81oIRUFwR0WSIHKt11nJ7SAVlYNIu+QpqeyXP+gpQJy/Z4+F0aGxSE4MqwjyXvW/TzgkLAx2AGHwQ==",
      "dev": true,
      "license": "Apache-2.0",
      "bin": {
        "tsc": "bin/tsc",
        "tsserver": "bin/tsserver"
      },
      "engines": {
        "node": ">=14.17"
      }
    }
  }
}
